
Microsoft Visual Studio Solution File, Format Version 12.00
# Visual Studio Version 16
VisualStudioVersion = 16.0.30413.136
MinimumVisualStudioVersion = 10.0.40219.1
Project("{9A19103F-16F7-4668-BE54-9A1E7A4F7556}") = "OZTF.EducationManageSys", "OZTF.EducationManageSys\OZTF.EducationManageSys.csproj", "{44DE1552-2DAE-4900-8058-10096ED79954}"
EndProject
Project("{FAE04EC0-301F-11D3-BF4B-00C04F79EFBC}") = "OZTF.EducationManageSys.API", "OZTF.EducationManageSys.API\OZTF.EducationManageSys.API.csproj", "{968A7CAF-BDC2-4B13-A933-5556CCBFF066}"
EndProject
Project("{FAE04EC0-301F-11D3-BF4B-00C04F79EFBC}") = "OZTF.EducationManageSys.Application", "OZTF.EducationManageSys.Application\OZTF.EducationManageSys.Application.csproj", "{76A1C086-9603-4B61-BA84-2135E37E0DF2}"
EndProject
Project("{FAE04EC0-301F-11D3-BF4B-00C04F79EFBC}") = "OZTF.EducationManageSys.Domain", "OZTF.EducationManageSys.Domain\OZTF.EducationManageSys.Domain.csproj", "{427E91F5-BF1F-4CB4-8B5C-6CC30260943A}"
EndProject
Project("{FAE04EC0-301F-11D3-BF4B-00C04F79EFBC}") = "OZTF.EducationManageSys.Infrastructure", "OZTF.EducationManageSys.Infrastructure\OZTF.EducationManageSys.Infrastructure.csproj", "{164FA02C-BDE6-4F4D-8939-3C9D087A696A}"
EndProject
Global
	GlobalSection(SolutionConfigurationPlatforms) = preSolution
		Debug|Any CPU = Debug|Any CPU
		Release|Any CPU = Release|Any CPU
	EndGlobalSection
	GlobalSection(ProjectConfigurationPlatforms) = postSolution
		{44DE1552-2DAE-4900-8058-10096ED79954}.Debug|Any CPU.ActiveCfg = Debug|Any CPU
		{44DE1552-2DAE-4900-8058-10096ED79954}.Debug|Any CPU.Build.0 = Debug|Any CPU
		{44DE1552-2DAE-4900-8058-10096ED79954}.Release|Any CPU.ActiveCfg = Release|Any CPU
		{44DE1552-2DAE-4900-8058-10096ED79954}.Release|Any CPU.Build.0 = Release|Any CPU
		{968A7CAF-BDC2-4B13-A933-5556CCBFF066}.Debug|Any CPU.ActiveCfg = Debug|Any CPU
		{968A7CAF-BDC2-4B13-A933-5556CCBFF066}.Debug|Any CPU.Build.0 = Debug|Any CPU
		{968A7CAF-BDC2-4B13-A933-5556CCBFF066}.Release|Any CPU.ActiveCfg = Release|Any CPU
		{968A7CAF-BDC2-4B13-A933-5556CCBFF066}.Release|Any CPU.Build.0 = Release|Any CPU
		{76A1C086-9603-4B61-BA84-2135E37E0DF2}.Debug|Any CPU.ActiveCfg = Debug|Any CPU
		{76A1C086-9603-4B61-BA84-2135E37E0DF2}.Debug|Any CPU.Build.0 = Debug|Any CPU
		{76A1C086-9603-4B61-BA84-2135E37E0DF2}.Release|Any CPU.ActiveCfg = Release|Any CPU
		{76A1C086-9603-4B61-BA84-2135E37E0DF2}.Release|Any CPU.Build.0 = Release|Any CPU
		{427E91F5-BF1F-4CB4-8B5C-6CC30260943A}.Debug|Any CPU.ActiveCfg = Debug|Any CPU
		{427E91F5-BF1F-4CB4-8B5C-6CC30260943A}.Debug|Any CPU.Build.0 = Debug|Any CPU
		{427E91F5-BF1F-4CB4-8B5C-6CC30260943A}.Release|Any CPU.ActiveCfg = Release|Any CPU
		{427E91F5-BF1F-4CB4-8B5C-6CC30260943A}.Release|Any CPU.Build.0 = Release|Any CPU
		{164FA02C-BDE6-4F4D-8939-3C9D087A696A}.Debug|Any CPU.ActiveCfg = Debug|Any CPU
		{164FA02C-BDE6-4F4D-8939-3C9D087A696A}.Debug|Any CPU.Build.0 = Debug|Any CPU
		{164FA02C-BDE6-4F4D-8939-3C9D087A696A}.Release|Any CPU.ActiveCfg = Release|Any CPU
		{164FA02C-BDE6-4F4D-8939-3C9D087A696A}.Release|Any CPU.Build.0 = Release|Any CPU
	EndGlobalSection
	GlobalSection(SolutionProperties) = preSolution
		HideSolutionNode = FALSE
	EndGlobalSection
	GlobalSection(ExtensibilityGlobals) = postSolution
		SolutionGuid = {F2EA9FDC-741A-43F7-8D1A-0DDDCCB94E43}
	EndGlobalSection
EndGlobal
